{
  "name": "back_pacto",
  "lockfileVersion": 3,
  "requires": true,
  "packages": {
    "": {
      "dependencies": {
        "jwt-manager": "^2.2.1"
      }
    },
    "node_modules/jwt-manager": {
      "version": "2.2.1",
      "resolved": "https://registry.npmjs.org/jwt-manager/-/jwt-manager-2.2.1.tgz",
      "integrity": "sha512-wL67qEH3LCN7eWqQYCF0GEvjl34OyLpfvL+2YbL01oaTlVJa7w45Mtl/edCVH+2Kd6llH6Yzc4YyDFpzoynGWQ=="
    }
  }
}
